
Microsoft Visual Studio Solution File, Format Version 12.00
# Visual Studio Version 16
VisualStudioVersion = 16.0.30114.105
MinimumVisualStudioVersion = 10.0.40219.1
Project("{FAE04EC0-301F-11D3-BF4B-00C04F79EFBC}") = "Penguin.Cms.Web.Pages.Local", "Penguin.Cms.Web.Pages.Local.csproj", "{5C766A14-710E-481D-B632-9E06F2D9B97E}"
EndProject
Project("{FAE04EC0-301F-11D3-BF4B-00C04F79EFBC}") = "Penguin.Web.Abstractions.Local", "..\Penguin.Web.Abstractions\Penguin.Web.Abstractions.Local.csproj", "{E55A6029-25B2-4706-975A-099706C628F0}"
EndProject
Project("{FAE04EC0-301F-11D3-BF4B-00C04F79EFBC}") = "Penguin.Web.Templating.Local", "..\Penguin.Web.Templating\Penguin.Web.Templating.Local.csproj", "{0F268F32-E8F5-4255-BDEF-C28198144588}"
EndProject
Project("{FAE04EC0-301F-11D3-BF4B-00C04F79EFBC}") = "Penguin.Templating.Abstractions.Local", "..\Penguin.Templating.Abstractions\Penguin.Templating.Abstractions.Local.csproj", "{AE9B181D-8260-4321-9D49-3262643644F7}"
EndProject
Project("{FAE04EC0-301F-11D3-BF4B-00C04F79EFBC}") = "Penguin.Reflection.Extensions.Local", "..\Penguin.Reflection.Extensions\Penguin.Reflection.Extensions.Local.csproj", "{DA58B10C-307D-4581-8832-7FA5F14E94F1}"
EndProject
Project("{FAE04EC0-301F-11D3-BF4B-00C04F79EFBC}") = "Penguin.Reflection.Abstractions.Local", "..\Penguin.Reflection.Abstractions\Penguin.Reflection.Abstractions.Local.csproj", "{ACA142B9-EF88-48A1-9A7C-B4FDF3921218}"
EndProject
Project("{FAE04EC0-301F-11D3-BF4B-00C04F79EFBC}") = "Penguin.Extensions.String.Local", "..\Penguin.Extensions.String\Penguin.Extensions.String.Local.csproj", "{73155524-6486-49C0-83B5-4F3B1F7C1B1A}"
EndProject
Project("{FAE04EC0-301F-11D3-BF4B-00C04F79EFBC}") = "Penguin.Cms.Abstractions.Local", "..\Penguin.Cms.Abstractions\Penguin.Cms.Abstractions.Local.csproj", "{AD08A394-0869-42B7-95C7-700554961366}"
EndProject
Project("{FAE04EC0-301F-11D3-BF4B-00C04F79EFBC}") = "Penguin.DependencyInjection.Abstractions.Local", "..\Penguin.DependencyInjection.Abstractions\Penguin.DependencyInjection.Abstractions.Local.csproj", "{C04817A1-E9A2-4616-AED5-3D9CAFB30D21}"
EndProject
Project("{FAE04EC0-301F-11D3-BF4B-00C04F79EFBC}") = "Penguin.Persistence.Abstractions.Local", "..\Penguin.Persistence.Abstractions\Penguin.Persistence.Abstractions.Local.csproj", "{1B0ACA3C-73A8-4236-8B15-AED0DEF17653}"
EndProject
Project("{FAE04EC0-301F-11D3-BF4B-00C04F79EFBC}") = "Penguin.Entities.Abstractions.Local", "..\Penguin.Entities.Abstractions\Penguin.Entities.Abstractions.Local.csproj", "{C671EC3D-20DC-4155-A4CE-EE3AFFE19B6D}"
EndProject
Project("{FAE04EC0-301F-11D3-BF4B-00C04F79EFBC}") = "Penguin.Cms.Pages.Repositories.Local", "..\Penguin.Cms.Pages.Repositories\Penguin.Cms.Pages.Repositories.Local.csproj", "{7C5C3C4A-1564-4B9A-98D4-066AB4787129}"
EndProject
Project("{FAE04EC0-301F-11D3-BF4B-00C04F79EFBC}") = "Penguin.Cms.Pages.Local", "..\Penguin.Cms.Pages\Penguin.Cms.Pages.Local.csproj", "{39E8106F-C99E-4DA3-AC32-47806BA272E4}"
EndProject
Project("{FAE04EC0-301F-11D3-BF4B-00C04F79EFBC}") = "Penguin.Cms.Entities.Local", "..\Penguin.Cms.Entities\Penguin.Cms.Entities.Local.csproj", "{B170FE93-38C1-4941-B936-640B5E69A048}"
EndProject
Project("{FAE04EC0-301F-11D3-BF4B-00C04F79EFBC}") = "Penguin.Cms.Repositories.Local", "..\Penguin.Cms.Repositories\Penguin.Cms.Repositories.Local.csproj", "{EB3497BE-892F-43DC-8BC2-A0FBD5A75101}"
EndProject
Project("{FAE04EC0-301F-11D3-BF4B-00C04F79EFBC}") = "Penguin.Persistence.Repositories.Local", "..\Penguin.Persistence.Repositories\Penguin.Persistence.Repositories.Local.csproj", "{586B8DC7-DA50-4BC8-84C2-F68D3288FDDB}"
EndProject
Project("{FAE04EC0-301F-11D3-BF4B-00C04F79EFBC}") = "Penguin.Messaging.Persistence.Local", "..\Penguin.Messaging.Persistence\Penguin.Messaging.Persistence.Local.csproj", "{FAF3C422-7057-4F39-8E18-05C086892C66}"
EndProject
Project("{FAE04EC0-301F-11D3-BF4B-00C04F79EFBC}") = "Penguin.Messaging.Abstractions.Local", "..\Penguin.Messaging.Abstractions\Penguin.Messaging.Abstractions.Local.csproj", "{B467C94A-CB2D-44D7-9F61-E5A1ED7E8A7C}"
EndProject
Project("{FAE04EC0-301F-11D3-BF4B-00C04F79EFBC}") = "Penguin.Messaging.Core.Local", "..\Penguin.Messaging.Core\Penguin.Messaging.Core.Local.csproj", "{0EE71CA1-D669-4AB2-B4BA-5D874E149C50}"
EndProject
Project("{FAE04EC0-301F-11D3-BF4B-00C04F79EFBC}") = "Penguin.Debugging.Local", "..\Penguin.Debugging\Penguin.Debugging.Local.csproj", "{36EFA374-D913-485C-89BD-5CC71B2E7310}"
EndProject
Project("{FAE04EC0-301F-11D3-BF4B-00C04F79EFBC}") = "Penguin.Extensions.Exceptions.Local", "..\Penguin.Extensions.Exceptions\Penguin.Extensions.Exceptions.Local.csproj", "{74FA318C-41D0-4932-B648-ADF5EED8D173}"
EndProject
Project("{FAE04EC0-301F-11D3-BF4B-00C04F79EFBC}") = "Penguin.Reflection.Local", "..\Penguin.Reflection\Penguin.Reflection.Local.csproj", "{02EAE941-707E-4465-8A67-3B16CC0CBFF5}"
EndProject
Global
	GlobalSection(SolutionConfigurationPlatforms) = preSolution
		Debug|Any CPU = Debug|Any CPU
		Debug|x64 = Debug|x64
		Debug|x86 = Debug|x86
		Release|Any CPU = Release|Any CPU
		Release|x64 = Release|x64
		Release|x86 = Release|x86
	EndGlobalSection
	GlobalSection(SolutionProperties) = preSolution
		HideSolutionNode = FALSE
	EndGlobalSection
	GlobalSection(ProjectConfigurationPlatforms) = postSolution
		{5C766A14-710E-481D-B632-9E06F2D9B97E}.Debug|Any CPU.ActiveCfg = Debug|Any CPU
		{5C766A14-710E-481D-B632-9E06F2D9B97E}.Debug|Any CPU.Build.0 = Debug|Any CPU
		{5C766A14-710E-481D-B632-9E06F2D9B97E}.Debug|x64.ActiveCfg = Debug|Any CPU
		{5C766A14-710E-481D-B632-9E06F2D9B97E}.Debug|x64.Build.0 = Debug|Any CPU
		{5C766A14-710E-481D-B632-9E06F2D9B97E}.Debug|x86.ActiveCfg = Debug|Any CPU
		{5C766A14-710E-481D-B632-9E06F2D9B97E}.Debug|x86.Build.0 = Debug|Any CPU
		{5C766A14-710E-481D-B632-9E06F2D9B97E}.Release|Any CPU.ActiveCfg = Release|Any CPU
		{5C766A14-710E-481D-B632-9E06F2D9B97E}.Release|Any CPU.Build.0 = Release|Any CPU
		{5C766A14-710E-481D-B632-9E06F2D9B97E}.Release|x64.ActiveCfg = Release|Any CPU
		{5C766A14-710E-481D-B632-9E06F2D9B97E}.Release|x64.Build.0 = Release|Any CPU
		{5C766A14-710E-481D-B632-9E06F2D9B97E}.Release|x86.ActiveCfg = Release|Any CPU
		{5C766A14-710E-481D-B632-9E06F2D9B97E}.Release|x86.Build.0 = Release|Any CPU
		{E55A6029-25B2-4706-975A-099706C628F0}.Debug|Any CPU.ActiveCfg = Debug|Any CPU
		{E55A6029-25B2-4706-975A-099706C628F0}.Debug|Any CPU.Build.0 = Debug|Any CPU
		{E55A6029-25B2-4706-975A-099706C628F0}.Debug|x64.ActiveCfg = Debug|Any CPU
		{E55A6029-25B2-4706-975A-099706C628F0}.Debug|x64.Build.0 = Debug|Any CPU
		{E55A6029-25B2-4706-975A-099706C628F0}.Debug|x86.ActiveCfg = Debug|Any CPU
		{E55A6029-25B2-4706-975A-099706C628F0}.Debug|x86.Build.0 = Debug|Any CPU
		{E55A6029-25B2-4706-975A-099706C628F0}.Release|Any CPU.ActiveCfg = Release|Any CPU
		{E55A6029-25B2-4706-975A-099706C628F0}.Release|Any CPU.Build.0 = Release|Any CPU
		{E55A6029-25B2-4706-975A-099706C628F0}.Release|x64.ActiveCfg = Release|Any CPU
		{E55A6029-25B2-4706-975A-099706C628F0}.Release|x64.Build.0 = Release|Any CPU
		{E55A6029-25B2-4706-975A-099706C628F0}.Release|x86.ActiveCfg = Release|Any CPU
		{E55A6029-25B2-4706-975A-099706C628F0}.Release|x86.Build.0 = Release|Any CPU
		{0F268F32-E8F5-4255-BDEF-C28198144588}.Debug|Any CPU.ActiveCfg = Debug|Any CPU
		{0F268F32-E8F5-4255-BDEF-C28198144588}.Debug|Any CPU.Build.0 = Debug|Any CPU
		{0F268F32-E8F5-4255-BDEF-C28198144588}.Debug|x64.ActiveCfg = Debug|Any CPU
		{0F268F32-E8F5-4255-BDEF-C28198144588}.Debug|x64.Build.0 = Debug|Any CPU
		{0F268F32-E8F5-4255-BDEF-C28198144588}.Debug|x86.ActiveCfg = Debug|Any CPU
		{0F268F32-E8F5-4255-BDEF-C28198144588}.Debug|x86.Build.0 = Debug|Any CPU
		{0F268F32-E8F5-4255-BDEF-C28198144588}.Release|Any CPU.ActiveCfg = Release|Any CPU
		{0F268F32-E8F5-4255-BDEF-C28198144588}.Release|Any CPU.Build.0 = Release|Any CPU
		{0F268F32-E8F5-4255-BDEF-C28198144588}.Release|x64.ActiveCfg = Release|Any CPU
		{0F268F32-E8F5-4255-BDEF-C28198144588}.Release|x64.Build.0 = Release|Any CPU
		{0F268F32-E8F5-4255-BDEF-C28198144588}.Release|x86.ActiveCfg = Release|Any CPU
		{0F268F32-E8F5-4255-BDEF-C28198144588}.Release|x86.Build.0 = Release|Any CPU
		{AE9B181D-8260-4321-9D49-3262643644F7}.Debug|Any CPU.ActiveCfg = Debug|Any CPU
		{AE9B181D-8260-4321-9D49-3262643644F7}.Debug|Any CPU.Build.0 = Debug|Any CPU
		{AE9B181D-8260-4321-9D49-3262643644F7}.Debug|x64.ActiveCfg = Debug|Any CPU
		{AE9B181D-8260-4321-9D49-3262643644F7}.Debug|x64.Build.0 = Debug|Any CPU
		{AE9B181D-8260-4321-9D49-3262643644F7}.Debug|x86.ActiveCfg = Debug|Any CPU
		{AE9B181D-8260-4321-9D49-3262643644F7}.Debug|x86.Build.0 = Debug|Any CPU
		{AE9B181D-8260-4321-9D49-3262643644F7}.Release|Any CPU.ActiveCfg = Release|Any CPU
		{AE9B181D-8260-4321-9D49-3262643644F7}.Release|Any CPU.Build.0 = Release|Any CPU
		{AE9B181D-8260-4321-9D49-3262643644F7}.Release|x64.ActiveCfg = Release|Any CPU
		{AE9B181D-8260-4321-9D49-3262643644F7}.Release|x64.Build.0 = Release|Any CPU
		{AE9B181D-8260-4321-9D49-3262643644F7}.Release|x86.ActiveCfg = Release|Any CPU
		{AE9B181D-8260-4321-9D49-3262643644F7}.Release|x86.Build.0 = Release|Any CPU
		{DA58B10C-307D-4581-8832-7FA5F14E94F1}.Debug|Any CPU.ActiveCfg = Debug|Any CPU
		{DA58B10C-307D-4581-8832-7FA5F14E94F1}.Debug|Any CPU.Build.0 = Debug|Any CPU
		{DA58B10C-307D-4581-8832-7FA5F14E94F1}.Debug|x64.ActiveCfg = Debug|Any CPU
		{DA58B10C-307D-4581-8832-7FA5F14E94F1}.Debug|x64.Build.0 = Debug|Any CPU
		{DA58B10C-307D-4581-8832-7FA5F14E94F1}.Debug|x86.ActiveCfg = Debug|Any CPU
		{DA58B10C-307D-4581-8832-7FA5F14E94F1}.Debug|x86.Build.0 = Debug|Any CPU
		{DA58B10C-307D-4581-8832-7FA5F14E94F1}.Release|Any CPU.ActiveCfg = Release|Any CPU
		{DA58B10C-307D-4581-8832-7FA5F14E94F1}.Release|Any CPU.Build.0 = Release|Any CPU
		{DA58B10C-307D-4581-8832-7FA5F14E94F1}.Release|x64.ActiveCfg = Release|Any CPU
		{DA58B10C-307D-4581-8832-7FA5F14E94F1}.Release|x64.Build.0 = Release|Any CPU
		{DA58B10C-307D-4581-8832-7FA5F14E94F1}.Release|x86.ActiveCfg = Release|Any CPU
		{DA58B10C-307D-4581-8832-7FA5F14E94F1}.Release|x86.Build.0 = Release|Any CPU
		{ACA142B9-EF88-48A1-9A7C-B4FDF3921218}.Debug|Any CPU.ActiveCfg = Debug|Any CPU
		{ACA142B9-EF88-48A1-9A7C-B4FDF3921218}.Debug|Any CPU.Build.0 = Debug|Any CPU
		{ACA142B9-EF88-48A1-9A7C-B4FDF3921218}.Debug|x64.ActiveCfg = Debug|Any CPU
		{ACA142B9-EF88-48A1-9A7C-B4FDF3921218}.Debug|x64.Build.0 = Debug|Any CPU
		{ACA142B9-EF88-48A1-9A7C-B4FDF3921218}.Debug|x86.ActiveCfg = Debug|Any CPU
		{ACA142B9-EF88-48A1-9A7C-B4FDF3921218}.Debug|x86.Build.0 = Debug|Any CPU
		{ACA142B9-EF88-48A1-9A7C-B4FDF3921218}.Release|Any CPU.ActiveCfg = Release|Any CPU
		{ACA142B9-EF88-48A1-9A7C-B4FDF3921218}.Release|Any CPU.Build.0 = Release|Any CPU
		{ACA142B9-EF88-48A1-9A7C-B4FDF3921218}.Release|x64.ActiveCfg = Release|Any CPU
		{ACA142B9-EF88-48A1-9A7C-B4FDF3921218}.Release|x64.Build.0 = Release|Any CPU
		{ACA142B9-EF88-48A1-9A7C-B4FDF3921218}.Release|x86.ActiveCfg = Release|Any CPU
		{ACA142B9-EF88-48A1-9A7C-B4FDF3921218}.Release|x86.Build.0 = Release|Any CPU
		{73155524-6486-49C0-83B5-4F3B1F7C1B1A}.Debug|Any CPU.ActiveCfg = Debug|Any CPU
		{73155524-6486-49C0-83B5-4F3B1F7C1B1A}.Debug|Any CPU.Build.0 = Debug|Any CPU
		{73155524-6486-49C0-83B5-4F3B1F7C1B1A}.Debug|x64.ActiveCfg = Debug|Any CPU
		{73155524-6486-49C0-83B5-4F3B1F7C1B1A}.Debug|x64.Build.0 = Debug|Any CPU
		{73155524-6486-49C0-83B5-4F3B1F7C1B1A}.Debug|x86.ActiveCfg = Debug|Any CPU
		{73155524-6486-49C0-83B5-4F3B1F7C1B1A}.Debug|x86.Build.0 = Debug|Any CPU
		{73155524-6486-49C0-83B5-4F3B1F7C1B1A}.Release|Any CPU.ActiveCfg = Release|Any CPU
		{73155524-6486-49C0-83B5-4F3B1F7C1B1A}.Release|Any CPU.Build.0 = Release|Any CPU
		{73155524-6486-49C0-83B5-4F3B1F7C1B1A}.Release|x64.ActiveCfg = Release|Any CPU
		{73155524-6486-49C0-83B5-4F3B1F7C1B1A}.Release|x64.Build.0 = Release|Any CPU
		{73155524-6486-49C0-83B5-4F3B1F7C1B1A}.Release|x86.ActiveCfg = Release|Any CPU
		{73155524-6486-49C0-83B5-4F3B1F7C1B1A}.Release|x86.Build.0 = Release|Any CPU
		{AD08A394-0869-42B7-95C7-700554961366}.Debug|Any CPU.ActiveCfg = Debug|Any CPU
		{AD08A394-0869-42B7-95C7-700554961366}.Debug|Any CPU.Build.0 = Debug|Any CPU
		{AD08A394-0869-42B7-95C7-700554961366}.Debug|x64.ActiveCfg = Debug|Any CPU
		{AD08A394-0869-42B7-95C7-700554961366}.Debug|x64.Build.0 = Debug|Any CPU
		{AD08A394-0869-42B7-95C7-700554961366}.Debug|x86.ActiveCfg = Debug|Any CPU
		{AD08A394-0869-42B7-95C7-700554961366}.Debug|x86.Build.0 = Debug|Any CPU
		{AD08A394-0869-42B7-95C7-700554961366}.Release|Any CPU.ActiveCfg = Release|Any CPU
		{AD08A394-0869-42B7-95C7-700554961366}.Release|Any CPU.Build.0 = Release|Any CPU
		{AD08A394-0869-42B7-95C7-700554961366}.Release|x64.ActiveCfg = Release|Any CPU
		{AD08A394-0869-42B7-95C7-700554961366}.Release|x64.Build.0 = Release|Any CPU
		{AD08A394-0869-42B7-95C7-700554961366}.Release|x86.ActiveCfg = Release|Any CPU
		{AD08A394-0869-42B7-95C7-700554961366}.Release|x86.Build.0 = Release|Any CPU
		{C04817A1-E9A2-4616-AED5-3D9CAFB30D21}.Debug|Any CPU.ActiveCfg = Debug|Any CPU
		{C04817A1-E9A2-4616-AED5-3D9CAFB30D21}.Debug|Any CPU.Build.0 = Debug|Any CPU
		{C04817A1-E9A2-4616-AED5-3D9CAFB30D21}.Debug|x64.ActiveCfg = Debug|Any CPU
		{C04817A1-E9A2-4616-AED5-3D9CAFB30D21}.Debug|x64.Build.0 = Debug|Any CPU
		{C04817A1-E9A2-4616-AED5-3D9CAFB30D21}.Debug|x86.ActiveCfg = Debug|Any CPU
		{C04817A1-E9A2-4616-AED5-3D9CAFB30D21}.Debug|x86.Build.0 = Debug|Any CPU
		{C04817A1-E9A2-4616-AED5-3D9CAFB30D21}.Release|Any CPU.ActiveCfg = Release|Any CPU
		{C04817A1-E9A2-4616-AED5-3D9CAFB30D21}.Release|Any CPU.Build.0 = Release|Any CPU
		{C04817A1-E9A2-4616-AED5-3D9CAFB30D21}.Release|x64.ActiveCfg = Release|Any CPU
		{C04817A1-E9A2-4616-AED5-3D9CAFB30D21}.Release|x64.Build.0 = Release|Any CPU
		{C04817A1-E9A2-4616-AED5-3D9CAFB30D21}.Release|x86.ActiveCfg = Release|Any CPU
		{C04817A1-E9A2-4616-AED5-3D9CAFB30D21}.Release|x86.Build.0 = Release|Any CPU
		{1B0ACA3C-73A8-4236-8B15-AED0DEF17653}.Debug|Any CPU.ActiveCfg = Debug|Any CPU
		{1B0ACA3C-73A8-4236-8B15-AED0DEF17653}.Debug|Any CPU.Build.0 = Debug|Any CPU
		{1B0ACA3C-73A8-4236-8B15-AED0DEF17653}.Debug|x64.ActiveCfg = Debug|Any CPU
		{1B0ACA3C-73A8-4236-8B15-AED0DEF17653}.Debug|x64.Build.0 = Debug|Any CPU
		{1B0ACA3C-73A8-4236-8B15-AED0DEF17653}.Debug|x86.ActiveCfg = Debug|Any CPU
		{1B0ACA3C-73A8-4236-8B15-AED0DEF17653}.Debug|x86.Build.0 = Debug|Any CPU
		{1B0ACA3C-73A8-4236-8B15-AED0DEF17653}.Release|Any CPU.ActiveCfg = Release|Any CPU
		{1B0ACA3C-73A8-4236-8B15-AED0DEF17653}.Release|Any CPU.Build.0 = Release|Any CPU
		{1B0ACA3C-73A8-4236-8B15-AED0DEF17653}.Release|x64.ActiveCfg = Release|Any CPU
		{1B0ACA3C-73A8-4236-8B15-AED0DEF17653}.Release|x64.Build.0 = Release|Any CPU
		{1B0ACA3C-73A8-4236-8B15-AED0DEF17653}.Release|x86.ActiveCfg = Release|Any CPU
		{1B0ACA3C-73A8-4236-8B15-AED0DEF17653}.Release|x86.Build.0 = Release|Any CPU
		{C671EC3D-20DC-4155-A4CE-EE3AFFE19B6D}.Debug|Any CPU.ActiveCfg = Debug|Any CPU
		{C671EC3D-20DC-4155-A4CE-EE3AFFE19B6D}.Debug|Any CPU.Build.0 = Debug|Any CPU
		{C671EC3D-20DC-4155-A4CE-EE3AFFE19B6D}.Debug|x64.ActiveCfg = Debug|Any CPU
		{C671EC3D-20DC-4155-A4CE-EE3AFFE19B6D}.Debug|x64.Build.0 = Debug|Any CPU
		{C671EC3D-20DC-4155-A4CE-EE3AFFE19B6D}.Debug|x86.ActiveCfg = Debug|Any CPU
		{C671EC3D-20DC-4155-A4CE-EE3AFFE19B6D}.Debug|x86.Build.0 = Debug|Any CPU
		{C671EC3D-20DC-4155-A4CE-EE3AFFE19B6D}.Release|Any CPU.ActiveCfg = Release|Any CPU
		{C671EC3D-20DC-4155-A4CE-EE3AFFE19B6D}.Release|Any CPU.Build.0 = Release|Any CPU
		{C671EC3D-20DC-4155-A4CE-EE3AFFE19B6D}.Release|x64.ActiveCfg = Release|Any CPU
		{C671EC3D-20DC-4155-A4CE-EE3AFFE19B6D}.Release|x64.Build.0 = Release|Any CPU
		{C671EC3D-20DC-4155-A4CE-EE3AFFE19B6D}.Release|x86.ActiveCfg = Release|Any CPU
		{C671EC3D-20DC-4155-A4CE-EE3AFFE19B6D}.Release|x86.Build.0 = Release|Any CPU
		{7C5C3C4A-1564-4B9A-98D4-066AB4787129}.Debug|Any CPU.ActiveCfg = Debug|Any CPU
		{7C5C3C4A-1564-4B9A-98D4-066AB4787129}.Debug|Any CPU.Build.0 = Debug|Any CPU
		{7C5C3C4A-1564-4B9A-98D4-066AB4787129}.Debug|x64.ActiveCfg = Debug|Any CPU
		{7C5C3C4A-1564-4B9A-98D4-066AB4787129}.Debug|x64.Build.0 = Debug|Any CPU
		{7C5C3C4A-1564-4B9A-98D4-066AB4787129}.Debug|x86.ActiveCfg = Debug|Any CPU
		{7C5C3C4A-1564-4B9A-98D4-066AB4787129}.Debug|x86.Build.0 = Debug|Any CPU
		{7C5C3C4A-1564-4B9A-98D4-066AB4787129}.Release|Any CPU.ActiveCfg = Release|Any CPU
		{7C5C3C4A-1564-4B9A-98D4-066AB4787129}.Release|Any CPU.Build.0 = Release|Any CPU
		{7C5C3C4A-1564-4B9A-98D4-066AB4787129}.Release|x64.ActiveCfg = Release|Any CPU
		{7C5C3C4A-1564-4B9A-98D4-066AB4787129}.Release|x64.Build.0 = Release|Any CPU
		{7C5C3C4A-1564-4B9A-98D4-066AB4787129}.Release|x86.ActiveCfg = Release|Any CPU
		{7C5C3C4A-1564-4B9A-98D4-066AB4787129}.Release|x86.Build.0 = Release|Any CPU
		{39E8106F-C99E-4DA3-AC32-47806BA272E4}.Debug|Any CPU.ActiveCfg = Debug|Any CPU
		{39E8106F-C99E-4DA3-AC32-47806BA272E4}.Debug|Any CPU.Build.0 = Debug|Any CPU
		{39E8106F-C99E-4DA3-AC32-47806BA272E4}.Debug|x64.ActiveCfg = Debug|Any CPU
		{39E8106F-C99E-4DA3-AC32-47806BA272E4}.Debug|x64.Build.0 = Debug|Any CPU
		{39E8106F-C99E-4DA3-AC32-47806BA272E4}.Debug|x86.ActiveCfg = Debug|Any CPU
		{39E8106F-C99E-4DA3-AC32-47806BA272E4}.Debug|x86.Build.0 = Debug|Any CPU
		{39E8106F-C99E-4DA3-AC32-47806BA272E4}.Release|Any CPU.ActiveCfg = Release|Any CPU
		{39E8106F-C99E-4DA3-AC32-47806BA272E4}.Release|Any CPU.Build.0 = Release|Any CPU
		{39E8106F-C99E-4DA3-AC32-47806BA272E4}.Release|x64.ActiveCfg = Release|Any CPU
		{39E8106F-C99E-4DA3-AC32-47806BA272E4}.Release|x64.Build.0 = Release|Any CPU
		{39E8106F-C99E-4DA3-AC32-47806BA272E4}.Release|x86.ActiveCfg = Release|Any CPU
		{39E8106F-C99E-4DA3-AC32-47806BA272E4}.Release|x86.Build.0 = Release|Any CPU
		{B170FE93-38C1-4941-B936-640B5E69A048}.Debug|Any CPU.ActiveCfg = Debug|Any CPU
		{B170FE93-38C1-4941-B936-640B5E69A048}.Debug|Any CPU.Build.0 = Debug|Any CPU
		{B170FE93-38C1-4941-B936-640B5E69A048}.Debug|x64.ActiveCfg = Debug|Any CPU
		{B170FE93-38C1-4941-B936-640B5E69A048}.Debug|x64.Build.0 = Debug|Any CPU
		{B170FE93-38C1-4941-B936-640B5E69A048}.Debug|x86.ActiveCfg = Debug|Any CPU
		{B170FE93-38C1-4941-B936-640B5E69A048}.Debug|x86.Build.0 = Debug|Any CPU
		{B170FE93-38C1-4941-B936-640B5E69A048}.Release|Any CPU.ActiveCfg = Release|Any CPU
		{B170FE93-38C1-4941-B936-640B5E69A048}.Release|Any CPU.Build.0 = Release|Any CPU
		{B170FE93-38C1-4941-B936-640B5E69A048}.Release|x64.ActiveCfg = Release|Any CPU
		{B170FE93-38C1-4941-B936-640B5E69A048}.Release|x64.Build.0 = Release|Any CPU
		{B170FE93-38C1-4941-B936-640B5E69A048}.Release|x86.ActiveCfg = Release|Any CPU
		{B170FE93-38C1-4941-B936-640B5E69A048}.Release|x86.Build.0 = Release|Any CPU
		{EB3497BE-892F-43DC-8BC2-A0FBD5A75101}.Debug|Any CPU.ActiveCfg = Debug|Any CPU
		{EB3497BE-892F-43DC-8BC2-A0FBD5A75101}.Debug|Any CPU.Build.0 = Debug|Any CPU
		{EB3497BE-892F-43DC-8BC2-A0FBD5A75101}.Debug|x64.ActiveCfg = Debug|Any CPU
		{EB3497BE-892F-43DC-8BC2-A0FBD5A75101}.Debug|x64.Build.0 = Debug|Any CPU
		{EB3497BE-892F-43DC-8BC2-A0FBD5A75101}.Debug|x86.ActiveCfg = Debug|Any CPU
		{EB3497BE-892F-43DC-8BC2-A0FBD5A75101}.Debug|x86.Build.0 = Debug|Any CPU
		{EB3497BE-892F-43DC-8BC2-A0FBD5A75101}.Release|Any CPU.ActiveCfg = Release|Any CPU
		{EB3497BE-892F-43DC-8BC2-A0FBD5A75101}.Release|Any CPU.Build.0 = Release|Any CPU
		{EB3497BE-892F-43DC-8BC2-A0FBD5A75101}.Release|x64.ActiveCfg = Release|Any CPU
		{EB3497BE-892F-43DC-8BC2-A0FBD5A75101}.Release|x64.Build.0 = Release|Any CPU
		{EB3497BE-892F-43DC-8BC2-A0FBD5A75101}.Release|x86.ActiveCfg = Release|Any CPU
		{EB3497BE-892F-43DC-8BC2-A0FBD5A75101}.Release|x86.Build.0 = Release|Any CPU
		{586B8DC7-DA50-4BC8-84C2-F68D3288FDDB}.Debug|Any CPU.ActiveCfg = Debug|Any CPU
		{586B8DC7-DA50-4BC8-84C2-F68D3288FDDB}.Debug|Any CPU.Build.0 = Debug|Any CPU
		{586B8DC7-DA50-4BC8-84C2-F68D3288FDDB}.Debug|x64.ActiveCfg = Debug|Any CPU
		{586B8DC7-DA50-4BC8-84C2-F68D3288FDDB}.Debug|x64.Build.0 = Debug|Any CPU
		{586B8DC7-DA50-4BC8-84C2-F68D3288FDDB}.Debug|x86.ActiveCfg = Debug|Any CPU
		{586B8DC7-DA50-4BC8-84C2-F68D3288FDDB}.Debug|x86.Build.0 = Debug|Any CPU
		{586B8DC7-DA50-4BC8-84C2-F68D3288FDDB}.Release|Any CPU.ActiveCfg = Release|Any CPU
		{586B8DC7-DA50-4BC8-84C2-F68D3288FDDB}.Release|Any CPU.Build.0 = Release|Any CPU
		{586B8DC7-DA50-4BC8-84C2-F68D3288FDDB}.Release|x64.ActiveCfg = Release|Any CPU
		{586B8DC7-DA50-4BC8-84C2-F68D3288FDDB}.Release|x64.Build.0 = Release|Any CPU
		{586B8DC7-DA50-4BC8-84C2-F68D3288FDDB}.Release|x86.ActiveCfg = Release|Any CPU
		{586B8DC7-DA50-4BC8-84C2-F68D3288FDDB}.Release|x86.Build.0 = Release|Any CPU
		{FAF3C422-7057-4F39-8E18-05C086892C66}.Debug|Any CPU.ActiveCfg = Debug|Any CPU
		{FAF3C422-7057-4F39-8E18-05C086892C66}.Debug|Any CPU.Build.0 = Debug|Any CPU
		{FAF3C422-7057-4F39-8E18-05C086892C66}.Debug|x64.ActiveCfg = Debug|Any CPU
		{FAF3C422-7057-4F39-8E18-05C086892C66}.Debug|x64.Build.0 = Debug|Any CPU
		{FAF3C422-7057-4F39-8E18-05C086892C66}.Debug|x86.ActiveCfg = Debug|Any CPU
		{FAF3C422-7057-4F39-8E18-05C086892C66}.Debug|x86.Build.0 = Debug|Any CPU
		{FAF3C422-7057-4F39-8E18-05C086892C66}.Release|Any CPU.ActiveCfg = Release|Any CPU
		{FAF3C422-7057-4F39-8E18-05C086892C66}.Release|Any CPU.Build.0 = Release|Any CPU
		{FAF3C422-7057-4F39-8E18-05C086892C66}.Release|x64.ActiveCfg = Release|Any CPU
		{FAF3C422-7057-4F39-8E18-05C086892C66}.Release|x64.Build.0 = Release|Any CPU
		{FAF3C422-7057-4F39-8E18-05C086892C66}.Release|x86.ActiveCfg = Release|Any CPU
		{FAF3C422-7057-4F39-8E18-05C086892C66}.Release|x86.Build.0 = Release|Any CPU
		{B467C94A-CB2D-44D7-9F61-E5A1ED7E8A7C}.Debug|Any CPU.ActiveCfg = Debug|Any CPU
		{B467C94A-CB2D-44D7-9F61-E5A1ED7E8A7C}.Debug|Any CPU.Build.0 = Debug|Any CPU
		{B467C94A-CB2D-44D7-9F61-E5A1ED7E8A7C}.Debug|x64.ActiveCfg = Debug|Any CPU
		{B467C94A-CB2D-44D7-9F61-E5A1ED7E8A7C}.Debug|x64.Build.0 = Debug|Any CPU
		{B467C94A-CB2D-44D7-9F61-E5A1ED7E8A7C}.Debug|x86.ActiveCfg = Debug|Any CPU
		{B467C94A-CB2D-44D7-9F61-E5A1ED7E8A7C}.Debug|x86.Build.0 = Debug|Any CPU
		{B467C94A-CB2D-44D7-9F61-E5A1ED7E8A7C}.Release|Any CPU.ActiveCfg = Release|Any CPU
		{B467C94A-CB2D-44D7-9F61-E5A1ED7E8A7C}.Release|Any CPU.Build.0 = Release|Any CPU
		{B467C94A-CB2D-44D7-9F61-E5A1ED7E8A7C}.Release|x64.ActiveCfg = Release|Any CPU
		{B467C94A-CB2D-44D7-9F61-E5A1ED7E8A7C}.Release|x64.Build.0 = Release|Any CPU
		{B467C94A-CB2D-44D7-9F61-E5A1ED7E8A7C}.Release|x86.ActiveCfg = Release|Any CPU
		{B467C94A-CB2D-44D7-9F61-E5A1ED7E8A7C}.Release|x86.Build.0 = Release|Any CPU
		{0EE71CA1-D669-4AB2-B4BA-5D874E149C50}.Debug|Any CPU.ActiveCfg = Debug|Any CPU
		{0EE71CA1-D669-4AB2-B4BA-5D874E149C50}.Debug|Any CPU.Build.0 = Debug|Any CPU
		{0EE71CA1-D669-4AB2-B4BA-5D874E149C50}.Debug|x64.ActiveCfg = Debug|Any CPU
		{0EE71CA1-D669-4AB2-B4BA-5D874E149C50}.Debug|x64.Build.0 = Debug|Any CPU
		{0EE71CA1-D669-4AB2-B4BA-5D874E149C50}.Debug|x86.ActiveCfg = Debug|Any CPU
		{0EE71CA1-D669-4AB2-B4BA-5D874E149C50}.Debug|x86.Build.0 = Debug|Any CPU
		{0EE71CA1-D669-4AB2-B4BA-5D874E149C50}.Release|Any CPU.ActiveCfg = Release|Any CPU
		{0EE71CA1-D669-4AB2-B4BA-5D874E149C50}.Release|Any CPU.Build.0 = Release|Any CPU
		{0EE71CA1-D669-4AB2-B4BA-5D874E149C50}.Release|x64.ActiveCfg = Release|Any CPU
		{0EE71CA1-D669-4AB2-B4BA-5D874E149C50}.Release|x64.Build.0 = Release|Any CPU
		{0EE71CA1-D669-4AB2-B4BA-5D874E149C50}.Release|x86.ActiveCfg = Release|Any CPU
		{0EE71CA1-D669-4AB2-B4BA-5D874E149C50}.Release|x86.Build.0 = Release|Any CPU
		{36EFA374-D913-485C-89BD-5CC71B2E7310}.Debug|Any CPU.ActiveCfg = Debug|Any CPU
		{36EFA374-D913-485C-89BD-5CC71B2E7310}.Debug|Any CPU.Build.0 = Debug|Any CPU
		{36EFA374-D913-485C-89BD-5CC71B2E7310}.Debug|x64.ActiveCfg = Debug|Any CPU
		{36EFA374-D913-485C-89BD-5CC71B2E7310}.Debug|x64.Build.0 = Debug|Any CPU
		{36EFA374-D913-485C-89BD-5CC71B2E7310}.Debug|x86.ActiveCfg = Debug|Any CPU
		{36EFA374-D913-485C-89BD-5CC71B2E7310}.Debug|x86.Build.0 = Debug|Any CPU
		{36EFA374-D913-485C-89BD-5CC71B2E7310}.Release|Any CPU.ActiveCfg = Release|Any CPU
		{36EFA374-D913-485C-89BD-5CC71B2E7310}.Release|Any CPU.Build.0 = Release|Any CPU
		{36EFA374-D913-485C-89BD-5CC71B2E7310}.Release|x64.ActiveCfg = Release|Any CPU
		{36EFA374-D913-485C-89BD-5CC71B2E7310}.Release|x64.Build.0 = Release|Any CPU
		{36EFA374-D913-485C-89BD-5CC71B2E7310}.Release|x86.ActiveCfg = Release|Any CPU
		{36EFA374-D913-485C-89BD-5CC71B2E7310}.Release|x86.Build.0 = Release|Any CPU
		{74FA318C-41D0-4932-B648-ADF5EED8D173}.Debug|Any CPU.ActiveCfg = Debug|Any CPU
		{74FA318C-41D0-4932-B648-ADF5EED8D173}.Debug|Any CPU.Build.0 = Debug|Any CPU
		{74FA318C-41D0-4932-B648-ADF5EED8D173}.Debug|x64.ActiveCfg = Debug|Any CPU
		{74FA318C-41D0-4932-B648-ADF5EED8D173}.Debug|x64.Build.0 = Debug|Any CPU
		{74FA318C-41D0-4932-B648-ADF5EED8D173}.Debug|x86.ActiveCfg = Debug|Any CPU
		{74FA318C-41D0-4932-B648-ADF5EED8D173}.Debug|x86.Build.0 = Debug|Any CPU
		{74FA318C-41D0-4932-B648-ADF5EED8D173}.Release|Any CPU.ActiveCfg = Release|Any CPU
		{74FA318C-41D0-4932-B648-ADF5EED8D173}.Release|Any CPU.Build.0 = Release|Any CPU
		{74FA318C-41D0-4932-B648-ADF5EED8D173}.Release|x64.ActiveCfg = Release|Any CPU
		{74FA318C-41D0-4932-B648-ADF5EED8D173}.Release|x64.Build.0 = Release|Any CPU
		{74FA318C-41D0-4932-B648-ADF5EED8D173}.Release|x86.ActiveCfg = Release|Any CPU
		{74FA318C-41D0-4932-B648-ADF5EED8D173}.Release|x86.Build.0 = Release|Any CPU
		{02EAE941-707E-4465-8A67-3B16CC0CBFF5}.Debug|Any CPU.ActiveCfg = Debug|Any CPU
		{02EAE941-707E-4465-8A67-3B16CC0CBFF5}.Debug|Any CPU.Build.0 = Debug|Any CPU
		{02EAE941-707E-4465-8A67-3B16CC0CBFF5}.Debug|x64.ActiveCfg = Debug|Any CPU
		{02EAE941-707E-4465-8A67-3B16CC0CBFF5}.Debug|x64.Build.0 = Debug|Any CPU
		{02EAE941-707E-4465-8A67-3B16CC0CBFF5}.Debug|x86.ActiveCfg = Debug|Any CPU
		{02EAE941-707E-4465-8A67-3B16CC0CBFF5}.Debug|x86.Build.0 = Debug|Any CPU
		{02EAE941-707E-4465-8A67-3B16CC0CBFF5}.Release|Any CPU.ActiveCfg = Release|Any CPU
		{02EAE941-707E-4465-8A67-3B16CC0CBFF5}.Release|Any CPU.Build.0 = Release|Any CPU
		{02EAE941-707E-4465-8A67-3B16CC0CBFF5}.Release|x64.ActiveCfg = Release|Any CPU
		{02EAE941-707E-4465-8A67-3B16CC0CBFF5}.Release|x64.Build.0 = Release|Any CPU
		{02EAE941-707E-4465-8A67-3B16CC0CBFF5}.Release|x86.ActiveCfg = Release|Any CPU
		{02EAE941-707E-4465-8A67-3B16CC0CBFF5}.Release|x86.Build.0 = Release|Any CPU
	EndGlobalSection
EndGlobal
