
Microsoft Visual Studio Solution File, Format Version 12.00
# Visual Studio 15
VisualStudioVersion = 15.0.26124.0
MinimumVisualStudioVersion = 15.0.26124.0
Project("{FAE04EC0-301F-11D3-BF4B-00C04F79EFBC}") = "Penguin.Cms.Web.Pages.Local", "Penguin.Cms.Web.Pages.Local.csproj", "{00385FBF-6FEE-47BC-858F-20BFBE7D73F6}"
EndProject
Project("{FAE04EC0-301F-11D3-BF4B-00C04F79EFBC}") = "Penguin.Cms.Abstractions.Local", "..\Penguin.Cms.Abstractions\Penguin.Cms.Abstractions.Local.csproj", "{2888370F-D38F-4136-B9FF-D88C23505536}"
EndProject
Project("{FAE04EC0-301F-11D3-BF4B-00C04F79EFBC}") = "Penguin.DependencyInjection.Abstractions.Local", "..\Penguin.DependencyInjection.Abstractions\Penguin.DependencyInjection.Abstractions.Local.csproj", "{A69777F8-E70D-442F-B353-FB55431FFE6F}"
EndProject
Project("{FAE04EC0-301F-11D3-BF4B-00C04F79EFBC}") = "Penguin.Persistence.Abstractions.Local", "..\Penguin.Persistence.Abstractions\Penguin.Persistence.Abstractions.Local.csproj", "{60222A23-E9DA-4F00-8947-057EFDFFAFEA}"
EndProject
Project("{FAE04EC0-301F-11D3-BF4B-00C04F79EFBC}") = "Penguin.Entities.Abstractions.Local", "..\Penguin.Entities.Abstractions\Penguin.Entities.Abstractions.Local.csproj", "{66E031F6-82ED-4D70-AC86-E6DD637CEDAF}"
EndProject
Project("{FAE04EC0-301F-11D3-BF4B-00C04F79EFBC}") = "Penguin.Reflection.Extensions.Local", "..\Penguin.Reflection.Extensions\Penguin.Reflection.Extensions.Local.csproj", "{793B5CA3-80CE-4A11-98F3-03A5CAE5B3AB}"
EndProject
Project("{FAE04EC0-301F-11D3-BF4B-00C04F79EFBC}") = "Penguin.Extensions.String.Local", "..\Penguin.Extensions.String\Penguin.Extensions.String.Local.csproj", "{FB95A85F-1DF4-489D-A118-41A50C0BACE9}"
EndProject
Project("{FAE04EC0-301F-11D3-BF4B-00C04F79EFBC}") = "Penguin.Reflection.Abstractions.Local", "..\Penguin.Reflection.Abstractions\Penguin.Reflection.Abstractions.Local.csproj", "{22176C62-FF00-4973-B0D9-6684603015B8}"
EndProject
Project("{FAE04EC0-301F-11D3-BF4B-00C04F79EFBC}") = "Penguin.Cms.Pages.Local", "..\Penguin.Cms.Pages\Penguin.Cms.Pages.Local.csproj", "{A46F5CCE-5DC9-43AB-8F2A-B882B7E93EFA}"
EndProject
Project("{FAE04EC0-301F-11D3-BF4B-00C04F79EFBC}") = "Penguin.Cms.Entities.Local", "..\Penguin.Cms.Entities\Penguin.Cms.Entities.Local.csproj", "{F065B167-04BF-46E5-999A-F5D13EAB2602}"
EndProject
Project("{FAE04EC0-301F-11D3-BF4B-00C04F79EFBC}") = "Penguin.Templating.Abstractions.Local", "..\Penguin.Templating.Abstractions\Penguin.Templating.Abstractions.Local.csproj", "{BEB316F8-D8EA-4D48-88DF-2C3BBB5B5123}"
EndProject
Project("{FAE04EC0-301F-11D3-BF4B-00C04F79EFBC}") = "Penguin.Cms.Pages.Repositories.Local", "..\Penguin.Cms.Pages.Repositories\Penguin.Cms.Pages.Repositories.Local.csproj", "{76F17AE2-DDB7-4574-B837-29E4C5A241B3}"
EndProject
Project("{FAE04EC0-301F-11D3-BF4B-00C04F79EFBC}") = "Penguin.Cms.Repositories.Local", "..\Penguin.Cms.Repositories\Penguin.Cms.Repositories.Local.csproj", "{A86A2178-CF81-41D7-931F-35BF3466EB5D}"
EndProject
Project("{FAE04EC0-301F-11D3-BF4B-00C04F79EFBC}") = "Penguin.Messaging.Core.Local", "..\Penguin.Messaging.Core\Penguin.Messaging.Core.Local.csproj", "{DE76CA0E-2DC1-45F9-8698-1278C60CECC8}"
EndProject
Project("{FAE04EC0-301F-11D3-BF4B-00C04F79EFBC}") = "Penguin.Debugging.Local", "..\Penguin.Debugging\Penguin.Debugging.Local.csproj", "{2E08DB09-D04F-4855-A96D-0D497C7C6712}"
EndProject
Project("{FAE04EC0-301F-11D3-BF4B-00C04F79EFBC}") = "Penguin.Extensions.Exceptions.Local", "..\Penguin.Extensions.Exceptions\Penguin.Extensions.Exceptions.Local.csproj", "{942A8D37-EEEA-4864-9EC1-97026C9B6CDA}"
EndProject
Project("{FAE04EC0-301F-11D3-BF4B-00C04F79EFBC}") = "Penguin.Messaging.Abstractions.Local", "..\Penguin.Messaging.Abstractions\Penguin.Messaging.Abstractions.Local.csproj", "{D2F583B9-E5C1-479F-B199-39236EA758A0}"
EndProject
Project("{FAE04EC0-301F-11D3-BF4B-00C04F79EFBC}") = "Penguin.Persistence.Repositories.Local", "..\Penguin.Persistence.Repositories\Penguin.Persistence.Repositories.Local.csproj", "{8A768FE0-7ECC-446E-939E-883906B8FF80}"
EndProject
Project("{FAE04EC0-301F-11D3-BF4B-00C04F79EFBC}") = "Penguin.Messaging.Persistence.Local", "..\Penguin.Messaging.Persistence\Penguin.Messaging.Persistence.Local.csproj", "{236F1819-315B-4A63-A861-50F9140580E0}"
EndProject
Project("{FAE04EC0-301F-11D3-BF4B-00C04F79EFBC}") = "Penguin.Reflection.Local", "..\Penguin.Reflection\Penguin.Reflection.Local.csproj", "{4782AD9B-A2F2-4242-A028-D9ECB9A534BB}"
EndProject
Project("{FAE04EC0-301F-11D3-BF4B-00C04F79EFBC}") = "Penguin.Web.Abstractions.Local", "..\Penguin.Web.Abstractions\Penguin.Web.Abstractions.Local.csproj", "{4E44EF08-77CE-4509-B42D-8F2644FCE7A9}"
EndProject
Project("{FAE04EC0-301F-11D3-BF4B-00C04F79EFBC}") = "Penguin.Web.Templating.Local", "..\Penguin.Web.Templating\Penguin.Web.Templating.Local.csproj", "{98694354-8FAB-46C5-8580-65AA8D2D6036}"
EndProject
Global
	GlobalSection(SolutionConfigurationPlatforms) = preSolution
		Debug|Any CPU = Debug|Any CPU
		Debug|x64 = Debug|x64
		Debug|x86 = Debug|x86
		Release|Any CPU = Release|Any CPU
		Release|x64 = Release|x64
		Release|x86 = Release|x86
	EndGlobalSection
	GlobalSection(SolutionProperties) = preSolution
		HideSolutionNode = FALSE
	EndGlobalSection
	GlobalSection(ProjectConfigurationPlatforms) = postSolution
		{00385FBF-6FEE-47BC-858F-20BFBE7D73F6}.Debug|Any CPU.ActiveCfg = Debug|Any CPU
		{00385FBF-6FEE-47BC-858F-20BFBE7D73F6}.Debug|Any CPU.Build.0 = Debug|Any CPU
		{00385FBF-6FEE-47BC-858F-20BFBE7D73F6}.Debug|x64.ActiveCfg = Debug|Any CPU
		{00385FBF-6FEE-47BC-858F-20BFBE7D73F6}.Debug|x64.Build.0 = Debug|Any CPU
		{00385FBF-6FEE-47BC-858F-20BFBE7D73F6}.Debug|x86.ActiveCfg = Debug|Any CPU
		{00385FBF-6FEE-47BC-858F-20BFBE7D73F6}.Debug|x86.Build.0 = Debug|Any CPU
		{00385FBF-6FEE-47BC-858F-20BFBE7D73F6}.Release|Any CPU.ActiveCfg = Release|Any CPU
		{00385FBF-6FEE-47BC-858F-20BFBE7D73F6}.Release|Any CPU.Build.0 = Release|Any CPU
		{00385FBF-6FEE-47BC-858F-20BFBE7D73F6}.Release|x64.ActiveCfg = Release|Any CPU
		{00385FBF-6FEE-47BC-858F-20BFBE7D73F6}.Release|x64.Build.0 = Release|Any CPU
		{00385FBF-6FEE-47BC-858F-20BFBE7D73F6}.Release|x86.ActiveCfg = Release|Any CPU
		{00385FBF-6FEE-47BC-858F-20BFBE7D73F6}.Release|x86.Build.0 = Release|Any CPU
		{2888370F-D38F-4136-B9FF-D88C23505536}.Debug|Any CPU.ActiveCfg = Debug|Any CPU
		{2888370F-D38F-4136-B9FF-D88C23505536}.Debug|Any CPU.Build.0 = Debug|Any CPU
		{2888370F-D38F-4136-B9FF-D88C23505536}.Debug|x64.ActiveCfg = Debug|Any CPU
		{2888370F-D38F-4136-B9FF-D88C23505536}.Debug|x64.Build.0 = Debug|Any CPU
		{2888370F-D38F-4136-B9FF-D88C23505536}.Debug|x86.ActiveCfg = Debug|Any CPU
		{2888370F-D38F-4136-B9FF-D88C23505536}.Debug|x86.Build.0 = Debug|Any CPU
		{2888370F-D38F-4136-B9FF-D88C23505536}.Release|Any CPU.ActiveCfg = Release|Any CPU
		{2888370F-D38F-4136-B9FF-D88C23505536}.Release|Any CPU.Build.0 = Release|Any CPU
		{2888370F-D38F-4136-B9FF-D88C23505536}.Release|x64.ActiveCfg = Release|Any CPU
		{2888370F-D38F-4136-B9FF-D88C23505536}.Release|x64.Build.0 = Release|Any CPU
		{2888370F-D38F-4136-B9FF-D88C23505536}.Release|x86.ActiveCfg = Release|Any CPU
		{2888370F-D38F-4136-B9FF-D88C23505536}.Release|x86.Build.0 = Release|Any CPU
		{A69777F8-E70D-442F-B353-FB55431FFE6F}.Debug|Any CPU.ActiveCfg = Debug|Any CPU
		{A69777F8-E70D-442F-B353-FB55431FFE6F}.Debug|Any CPU.Build.0 = Debug|Any CPU
		{A69777F8-E70D-442F-B353-FB55431FFE6F}.Debug|x64.ActiveCfg = Debug|Any CPU
		{A69777F8-E70D-442F-B353-FB55431FFE6F}.Debug|x64.Build.0 = Debug|Any CPU
		{A69777F8-E70D-442F-B353-FB55431FFE6F}.Debug|x86.ActiveCfg = Debug|Any CPU
		{A69777F8-E70D-442F-B353-FB55431FFE6F}.Debug|x86.Build.0 = Debug|Any CPU
		{A69777F8-E70D-442F-B353-FB55431FFE6F}.Release|Any CPU.ActiveCfg = Release|Any CPU
		{A69777F8-E70D-442F-B353-FB55431FFE6F}.Release|Any CPU.Build.0 = Release|Any CPU
		{A69777F8-E70D-442F-B353-FB55431FFE6F}.Release|x64.ActiveCfg = Release|Any CPU
		{A69777F8-E70D-442F-B353-FB55431FFE6F}.Release|x64.Build.0 = Release|Any CPU
		{A69777F8-E70D-442F-B353-FB55431FFE6F}.Release|x86.ActiveCfg = Release|Any CPU
		{A69777F8-E70D-442F-B353-FB55431FFE6F}.Release|x86.Build.0 = Release|Any CPU
		{60222A23-E9DA-4F00-8947-057EFDFFAFEA}.Debug|Any CPU.ActiveCfg = Debug|Any CPU
		{60222A23-E9DA-4F00-8947-057EFDFFAFEA}.Debug|Any CPU.Build.0 = Debug|Any CPU
		{60222A23-E9DA-4F00-8947-057EFDFFAFEA}.Debug|x64.ActiveCfg = Debug|Any CPU
		{60222A23-E9DA-4F00-8947-057EFDFFAFEA}.Debug|x64.Build.0 = Debug|Any CPU
		{60222A23-E9DA-4F00-8947-057EFDFFAFEA}.Debug|x86.ActiveCfg = Debug|Any CPU
		{60222A23-E9DA-4F00-8947-057EFDFFAFEA}.Debug|x86.Build.0 = Debug|Any CPU
		{60222A23-E9DA-4F00-8947-057EFDFFAFEA}.Release|Any CPU.ActiveCfg = Release|Any CPU
		{60222A23-E9DA-4F00-8947-057EFDFFAFEA}.Release|Any CPU.Build.0 = Release|Any CPU
		{60222A23-E9DA-4F00-8947-057EFDFFAFEA}.Release|x64.ActiveCfg = Release|Any CPU
		{60222A23-E9DA-4F00-8947-057EFDFFAFEA}.Release|x64.Build.0 = Release|Any CPU
		{60222A23-E9DA-4F00-8947-057EFDFFAFEA}.Release|x86.ActiveCfg = Release|Any CPU
		{60222A23-E9DA-4F00-8947-057EFDFFAFEA}.Release|x86.Build.0 = Release|Any CPU
		{66E031F6-82ED-4D70-AC86-E6DD637CEDAF}.Debug|Any CPU.ActiveCfg = Debug|Any CPU
		{66E031F6-82ED-4D70-AC86-E6DD637CEDAF}.Debug|Any CPU.Build.0 = Debug|Any CPU
		{66E031F6-82ED-4D70-AC86-E6DD637CEDAF}.Debug|x64.ActiveCfg = Debug|Any CPU
		{66E031F6-82ED-4D70-AC86-E6DD637CEDAF}.Debug|x64.Build.0 = Debug|Any CPU
		{66E031F6-82ED-4D70-AC86-E6DD637CEDAF}.Debug|x86.ActiveCfg = Debug|Any CPU
		{66E031F6-82ED-4D70-AC86-E6DD637CEDAF}.Debug|x86.Build.0 = Debug|Any CPU
		{66E031F6-82ED-4D70-AC86-E6DD637CEDAF}.Release|Any CPU.ActiveCfg = Release|Any CPU
		{66E031F6-82ED-4D70-AC86-E6DD637CEDAF}.Release|Any CPU.Build.0 = Release|Any CPU
		{66E031F6-82ED-4D70-AC86-E6DD637CEDAF}.Release|x64.ActiveCfg = Release|Any CPU
		{66E031F6-82ED-4D70-AC86-E6DD637CEDAF}.Release|x64.Build.0 = Release|Any CPU
		{66E031F6-82ED-4D70-AC86-E6DD637CEDAF}.Release|x86.ActiveCfg = Release|Any CPU
		{66E031F6-82ED-4D70-AC86-E6DD637CEDAF}.Release|x86.Build.0 = Release|Any CPU
		{793B5CA3-80CE-4A11-98F3-03A5CAE5B3AB}.Debug|Any CPU.ActiveCfg = Debug|Any CPU
		{793B5CA3-80CE-4A11-98F3-03A5CAE5B3AB}.Debug|Any CPU.Build.0 = Debug|Any CPU
		{793B5CA3-80CE-4A11-98F3-03A5CAE5B3AB}.Debug|x64.ActiveCfg = Debug|Any CPU
		{793B5CA3-80CE-4A11-98F3-03A5CAE5B3AB}.Debug|x64.Build.0 = Debug|Any CPU
		{793B5CA3-80CE-4A11-98F3-03A5CAE5B3AB}.Debug|x86.ActiveCfg = Debug|Any CPU
		{793B5CA3-80CE-4A11-98F3-03A5CAE5B3AB}.Debug|x86.Build.0 = Debug|Any CPU
		{793B5CA3-80CE-4A11-98F3-03A5CAE5B3AB}.Release|Any CPU.ActiveCfg = Release|Any CPU
		{793B5CA3-80CE-4A11-98F3-03A5CAE5B3AB}.Release|Any CPU.Build.0 = Release|Any CPU
		{793B5CA3-80CE-4A11-98F3-03A5CAE5B3AB}.Release|x64.ActiveCfg = Release|Any CPU
		{793B5CA3-80CE-4A11-98F3-03A5CAE5B3AB}.Release|x64.Build.0 = Release|Any CPU
		{793B5CA3-80CE-4A11-98F3-03A5CAE5B3AB}.Release|x86.ActiveCfg = Release|Any CPU
		{793B5CA3-80CE-4A11-98F3-03A5CAE5B3AB}.Release|x86.Build.0 = Release|Any CPU
		{FB95A85F-1DF4-489D-A118-41A50C0BACE9}.Debug|Any CPU.ActiveCfg = Debug|Any CPU
		{FB95A85F-1DF4-489D-A118-41A50C0BACE9}.Debug|Any CPU.Build.0 = Debug|Any CPU
		{FB95A85F-1DF4-489D-A118-41A50C0BACE9}.Debug|x64.ActiveCfg = Debug|Any CPU
		{FB95A85F-1DF4-489D-A118-41A50C0BACE9}.Debug|x64.Build.0 = Debug|Any CPU
		{FB95A85F-1DF4-489D-A118-41A50C0BACE9}.Debug|x86.ActiveCfg = Debug|Any CPU
		{FB95A85F-1DF4-489D-A118-41A50C0BACE9}.Debug|x86.Build.0 = Debug|Any CPU
		{FB95A85F-1DF4-489D-A118-41A50C0BACE9}.Release|Any CPU.ActiveCfg = Release|Any CPU
		{FB95A85F-1DF4-489D-A118-41A50C0BACE9}.Release|Any CPU.Build.0 = Release|Any CPU
		{FB95A85F-1DF4-489D-A118-41A50C0BACE9}.Release|x64.ActiveCfg = Release|Any CPU
		{FB95A85F-1DF4-489D-A118-41A50C0BACE9}.Release|x64.Build.0 = Release|Any CPU
		{FB95A85F-1DF4-489D-A118-41A50C0BACE9}.Release|x86.ActiveCfg = Release|Any CPU
		{FB95A85F-1DF4-489D-A118-41A50C0BACE9}.Release|x86.Build.0 = Release|Any CPU
		{22176C62-FF00-4973-B0D9-6684603015B8}.Debug|Any CPU.ActiveCfg = Debug|Any CPU
		{22176C62-FF00-4973-B0D9-6684603015B8}.Debug|Any CPU.Build.0 = Debug|Any CPU
		{22176C62-FF00-4973-B0D9-6684603015B8}.Debug|x64.ActiveCfg = Debug|Any CPU
		{22176C62-FF00-4973-B0D9-6684603015B8}.Debug|x64.Build.0 = Debug|Any CPU
		{22176C62-FF00-4973-B0D9-6684603015B8}.Debug|x86.ActiveCfg = Debug|Any CPU
		{22176C62-FF00-4973-B0D9-6684603015B8}.Debug|x86.Build.0 = Debug|Any CPU
		{22176C62-FF00-4973-B0D9-6684603015B8}.Release|Any CPU.ActiveCfg = Release|Any CPU
		{22176C62-FF00-4973-B0D9-6684603015B8}.Release|Any CPU.Build.0 = Release|Any CPU
		{22176C62-FF00-4973-B0D9-6684603015B8}.Release|x64.ActiveCfg = Release|Any CPU
		{22176C62-FF00-4973-B0D9-6684603015B8}.Release|x64.Build.0 = Release|Any CPU
		{22176C62-FF00-4973-B0D9-6684603015B8}.Release|x86.ActiveCfg = Release|Any CPU
		{22176C62-FF00-4973-B0D9-6684603015B8}.Release|x86.Build.0 = Release|Any CPU
		{A46F5CCE-5DC9-43AB-8F2A-B882B7E93EFA}.Debug|Any CPU.ActiveCfg = Debug|Any CPU
		{A46F5CCE-5DC9-43AB-8F2A-B882B7E93EFA}.Debug|Any CPU.Build.0 = Debug|Any CPU
		{A46F5CCE-5DC9-43AB-8F2A-B882B7E93EFA}.Debug|x64.ActiveCfg = Debug|Any CPU
		{A46F5CCE-5DC9-43AB-8F2A-B882B7E93EFA}.Debug|x64.Build.0 = Debug|Any CPU
		{A46F5CCE-5DC9-43AB-8F2A-B882B7E93EFA}.Debug|x86.ActiveCfg = Debug|Any CPU
		{A46F5CCE-5DC9-43AB-8F2A-B882B7E93EFA}.Debug|x86.Build.0 = Debug|Any CPU
		{A46F5CCE-5DC9-43AB-8F2A-B882B7E93EFA}.Release|Any CPU.ActiveCfg = Release|Any CPU
		{A46F5CCE-5DC9-43AB-8F2A-B882B7E93EFA}.Release|Any CPU.Build.0 = Release|Any CPU
		{A46F5CCE-5DC9-43AB-8F2A-B882B7E93EFA}.Release|x64.ActiveCfg = Release|Any CPU
		{A46F5CCE-5DC9-43AB-8F2A-B882B7E93EFA}.Release|x64.Build.0 = Release|Any CPU
		{A46F5CCE-5DC9-43AB-8F2A-B882B7E93EFA}.Release|x86.ActiveCfg = Release|Any CPU
		{A46F5CCE-5DC9-43AB-8F2A-B882B7E93EFA}.Release|x86.Build.0 = Release|Any CPU
		{F065B167-04BF-46E5-999A-F5D13EAB2602}.Debug|Any CPU.ActiveCfg = Debug|Any CPU
		{F065B167-04BF-46E5-999A-F5D13EAB2602}.Debug|Any CPU.Build.0 = Debug|Any CPU
		{F065B167-04BF-46E5-999A-F5D13EAB2602}.Debug|x64.ActiveCfg = Debug|Any CPU
		{F065B167-04BF-46E5-999A-F5D13EAB2602}.Debug|x64.Build.0 = Debug|Any CPU
		{F065B167-04BF-46E5-999A-F5D13EAB2602}.Debug|x86.ActiveCfg = Debug|Any CPU
		{F065B167-04BF-46E5-999A-F5D13EAB2602}.Debug|x86.Build.0 = Debug|Any CPU
		{F065B167-04BF-46E5-999A-F5D13EAB2602}.Release|Any CPU.ActiveCfg = Release|Any CPU
		{F065B167-04BF-46E5-999A-F5D13EAB2602}.Release|Any CPU.Build.0 = Release|Any CPU
		{F065B167-04BF-46E5-999A-F5D13EAB2602}.Release|x64.ActiveCfg = Release|Any CPU
		{F065B167-04BF-46E5-999A-F5D13EAB2602}.Release|x64.Build.0 = Release|Any CPU
		{F065B167-04BF-46E5-999A-F5D13EAB2602}.Release|x86.ActiveCfg = Release|Any CPU
		{F065B167-04BF-46E5-999A-F5D13EAB2602}.Release|x86.Build.0 = Release|Any CPU
		{BEB316F8-D8EA-4D48-88DF-2C3BBB5B5123}.Debug|Any CPU.ActiveCfg = Debug|Any CPU
		{BEB316F8-D8EA-4D48-88DF-2C3BBB5B5123}.Debug|Any CPU.Build.0 = Debug|Any CPU
		{BEB316F8-D8EA-4D48-88DF-2C3BBB5B5123}.Debug|x64.ActiveCfg = Debug|Any CPU
		{BEB316F8-D8EA-4D48-88DF-2C3BBB5B5123}.Debug|x64.Build.0 = Debug|Any CPU
		{BEB316F8-D8EA-4D48-88DF-2C3BBB5B5123}.Debug|x86.ActiveCfg = Debug|Any CPU
		{BEB316F8-D8EA-4D48-88DF-2C3BBB5B5123}.Debug|x86.Build.0 = Debug|Any CPU
		{BEB316F8-D8EA-4D48-88DF-2C3BBB5B5123}.Release|Any CPU.ActiveCfg = Release|Any CPU
		{BEB316F8-D8EA-4D48-88DF-2C3BBB5B5123}.Release|Any CPU.Build.0 = Release|Any CPU
		{BEB316F8-D8EA-4D48-88DF-2C3BBB5B5123}.Release|x64.ActiveCfg = Release|Any CPU
		{BEB316F8-D8EA-4D48-88DF-2C3BBB5B5123}.Release|x64.Build.0 = Release|Any CPU
		{BEB316F8-D8EA-4D48-88DF-2C3BBB5B5123}.Release|x86.ActiveCfg = Release|Any CPU
		{BEB316F8-D8EA-4D48-88DF-2C3BBB5B5123}.Release|x86.Build.0 = Release|Any CPU
		{76F17AE2-DDB7-4574-B837-29E4C5A241B3}.Debug|Any CPU.ActiveCfg = Debug|Any CPU
		{76F17AE2-DDB7-4574-B837-29E4C5A241B3}.Debug|Any CPU.Build.0 = Debug|Any CPU
		{76F17AE2-DDB7-4574-B837-29E4C5A241B3}.Debug|x64.ActiveCfg = Debug|Any CPU
		{76F17AE2-DDB7-4574-B837-29E4C5A241B3}.Debug|x64.Build.0 = Debug|Any CPU
		{76F17AE2-DDB7-4574-B837-29E4C5A241B3}.Debug|x86.ActiveCfg = Debug|Any CPU
		{76F17AE2-DDB7-4574-B837-29E4C5A241B3}.Debug|x86.Build.0 = Debug|Any CPU
		{76F17AE2-DDB7-4574-B837-29E4C5A241B3}.Release|Any CPU.ActiveCfg = Release|Any CPU
		{76F17AE2-DDB7-4574-B837-29E4C5A241B3}.Release|Any CPU.Build.0 = Release|Any CPU
		{76F17AE2-DDB7-4574-B837-29E4C5A241B3}.Release|x64.ActiveCfg = Release|Any CPU
		{76F17AE2-DDB7-4574-B837-29E4C5A241B3}.Release|x64.Build.0 = Release|Any CPU
		{76F17AE2-DDB7-4574-B837-29E4C5A241B3}.Release|x86.ActiveCfg = Release|Any CPU
		{76F17AE2-DDB7-4574-B837-29E4C5A241B3}.Release|x86.Build.0 = Release|Any CPU
		{A86A2178-CF81-41D7-931F-35BF3466EB5D}.Debug|Any CPU.ActiveCfg = Debug|Any CPU
		{A86A2178-CF81-41D7-931F-35BF3466EB5D}.Debug|Any CPU.Build.0 = Debug|Any CPU
		{A86A2178-CF81-41D7-931F-35BF3466EB5D}.Debug|x64.ActiveCfg = Debug|Any CPU
		{A86A2178-CF81-41D7-931F-35BF3466EB5D}.Debug|x64.Build.0 = Debug|Any CPU
		{A86A2178-CF81-41D7-931F-35BF3466EB5D}.Debug|x86.ActiveCfg = Debug|Any CPU
		{A86A2178-CF81-41D7-931F-35BF3466EB5D}.Debug|x86.Build.0 = Debug|Any CPU
		{A86A2178-CF81-41D7-931F-35BF3466EB5D}.Release|Any CPU.ActiveCfg = Release|Any CPU
		{A86A2178-CF81-41D7-931F-35BF3466EB5D}.Release|Any CPU.Build.0 = Release|Any CPU
		{A86A2178-CF81-41D7-931F-35BF3466EB5D}.Release|x64.ActiveCfg = Release|Any CPU
		{A86A2178-CF81-41D7-931F-35BF3466EB5D}.Release|x64.Build.0 = Release|Any CPU
		{A86A2178-CF81-41D7-931F-35BF3466EB5D}.Release|x86.ActiveCfg = Release|Any CPU
		{A86A2178-CF81-41D7-931F-35BF3466EB5D}.Release|x86.Build.0 = Release|Any CPU
		{DE76CA0E-2DC1-45F9-8698-1278C60CECC8}.Debug|Any CPU.ActiveCfg = Debug|Any CPU
		{DE76CA0E-2DC1-45F9-8698-1278C60CECC8}.Debug|Any CPU.Build.0 = Debug|Any CPU
		{DE76CA0E-2DC1-45F9-8698-1278C60CECC8}.Debug|x64.ActiveCfg = Debug|Any CPU
		{DE76CA0E-2DC1-45F9-8698-1278C60CECC8}.Debug|x64.Build.0 = Debug|Any CPU
		{DE76CA0E-2DC1-45F9-8698-1278C60CECC8}.Debug|x86.ActiveCfg = Debug|Any CPU
		{DE76CA0E-2DC1-45F9-8698-1278C60CECC8}.Debug|x86.Build.0 = Debug|Any CPU
		{DE76CA0E-2DC1-45F9-8698-1278C60CECC8}.Release|Any CPU.ActiveCfg = Release|Any CPU
		{DE76CA0E-2DC1-45F9-8698-1278C60CECC8}.Release|Any CPU.Build.0 = Release|Any CPU
		{DE76CA0E-2DC1-45F9-8698-1278C60CECC8}.Release|x64.ActiveCfg = Release|Any CPU
		{DE76CA0E-2DC1-45F9-8698-1278C60CECC8}.Release|x64.Build.0 = Release|Any CPU
		{DE76CA0E-2DC1-45F9-8698-1278C60CECC8}.Release|x86.ActiveCfg = Release|Any CPU
		{DE76CA0E-2DC1-45F9-8698-1278C60CECC8}.Release|x86.Build.0 = Release|Any CPU
		{2E08DB09-D04F-4855-A96D-0D497C7C6712}.Debug|Any CPU.ActiveCfg = Debug|Any CPU
		{2E08DB09-D04F-4855-A96D-0D497C7C6712}.Debug|Any CPU.Build.0 = Debug|Any CPU
		{2E08DB09-D04F-4855-A96D-0D497C7C6712}.Debug|x64.ActiveCfg = Debug|Any CPU
		{2E08DB09-D04F-4855-A96D-0D497C7C6712}.Debug|x64.Build.0 = Debug|Any CPU
		{2E08DB09-D04F-4855-A96D-0D497C7C6712}.Debug|x86.ActiveCfg = Debug|Any CPU
		{2E08DB09-D04F-4855-A96D-0D497C7C6712}.Debug|x86.Build.0 = Debug|Any CPU
		{2E08DB09-D04F-4855-A96D-0D497C7C6712}.Release|Any CPU.ActiveCfg = Release|Any CPU
		{2E08DB09-D04F-4855-A96D-0D497C7C6712}.Release|Any CPU.Build.0 = Release|Any CPU
		{2E08DB09-D04F-4855-A96D-0D497C7C6712}.Release|x64.ActiveCfg = Release|Any CPU
		{2E08DB09-D04F-4855-A96D-0D497C7C6712}.Release|x64.Build.0 = Release|Any CPU
		{2E08DB09-D04F-4855-A96D-0D497C7C6712}.Release|x86.ActiveCfg = Release|Any CPU
		{2E08DB09-D04F-4855-A96D-0D497C7C6712}.Release|x86.Build.0 = Release|Any CPU
		{942A8D37-EEEA-4864-9EC1-97026C9B6CDA}.Debug|Any CPU.ActiveCfg = Debug|Any CPU
		{942A8D37-EEEA-4864-9EC1-97026C9B6CDA}.Debug|Any CPU.Build.0 = Debug|Any CPU
		{942A8D37-EEEA-4864-9EC1-97026C9B6CDA}.Debug|x64.ActiveCfg = Debug|Any CPU
		{942A8D37-EEEA-4864-9EC1-97026C9B6CDA}.Debug|x64.Build.0 = Debug|Any CPU
		{942A8D37-EEEA-4864-9EC1-97026C9B6CDA}.Debug|x86.ActiveCfg = Debug|Any CPU
		{942A8D37-EEEA-4864-9EC1-97026C9B6CDA}.Debug|x86.Build.0 = Debug|Any CPU
		{942A8D37-EEEA-4864-9EC1-97026C9B6CDA}.Release|Any CPU.ActiveCfg = Release|Any CPU
		{942A8D37-EEEA-4864-9EC1-97026C9B6CDA}.Release|Any CPU.Build.0 = Release|Any CPU
		{942A8D37-EEEA-4864-9EC1-97026C9B6CDA}.Release|x64.ActiveCfg = Release|Any CPU
		{942A8D37-EEEA-4864-9EC1-97026C9B6CDA}.Release|x64.Build.0 = Release|Any CPU
		{942A8D37-EEEA-4864-9EC1-97026C9B6CDA}.Release|x86.ActiveCfg = Release|Any CPU
		{942A8D37-EEEA-4864-9EC1-97026C9B6CDA}.Release|x86.Build.0 = Release|Any CPU
		{D2F583B9-E5C1-479F-B199-39236EA758A0}.Debug|Any CPU.ActiveCfg = Debug|Any CPU
		{D2F583B9-E5C1-479F-B199-39236EA758A0}.Debug|Any CPU.Build.0 = Debug|Any CPU
		{D2F583B9-E5C1-479F-B199-39236EA758A0}.Debug|x64.ActiveCfg = Debug|Any CPU
		{D2F583B9-E5C1-479F-B199-39236EA758A0}.Debug|x64.Build.0 = Debug|Any CPU
		{D2F583B9-E5C1-479F-B199-39236EA758A0}.Debug|x86.ActiveCfg = Debug|Any CPU
		{D2F583B9-E5C1-479F-B199-39236EA758A0}.Debug|x86.Build.0 = Debug|Any CPU
		{D2F583B9-E5C1-479F-B199-39236EA758A0}.Release|Any CPU.ActiveCfg = Release|Any CPU
		{D2F583B9-E5C1-479F-B199-39236EA758A0}.Release|Any CPU.Build.0 = Release|Any CPU
		{D2F583B9-E5C1-479F-B199-39236EA758A0}.Release|x64.ActiveCfg = Release|Any CPU
		{D2F583B9-E5C1-479F-B199-39236EA758A0}.Release|x64.Build.0 = Release|Any CPU
		{D2F583B9-E5C1-479F-B199-39236EA758A0}.Release|x86.ActiveCfg = Release|Any CPU
		{D2F583B9-E5C1-479F-B199-39236EA758A0}.Release|x86.Build.0 = Release|Any CPU
		{8A768FE0-7ECC-446E-939E-883906B8FF80}.Debug|Any CPU.ActiveCfg = Debug|Any CPU
		{8A768FE0-7ECC-446E-939E-883906B8FF80}.Debug|Any CPU.Build.0 = Debug|Any CPU
		{8A768FE0-7ECC-446E-939E-883906B8FF80}.Debug|x64.ActiveCfg = Debug|Any CPU
		{8A768FE0-7ECC-446E-939E-883906B8FF80}.Debug|x64.Build.0 = Debug|Any CPU
		{8A768FE0-7ECC-446E-939E-883906B8FF80}.Debug|x86.ActiveCfg = Debug|Any CPU
		{8A768FE0-7ECC-446E-939E-883906B8FF80}.Debug|x86.Build.0 = Debug|Any CPU
		{8A768FE0-7ECC-446E-939E-883906B8FF80}.Release|Any CPU.ActiveCfg = Release|Any CPU
		{8A768FE0-7ECC-446E-939E-883906B8FF80}.Release|Any CPU.Build.0 = Release|Any CPU
		{8A768FE0-7ECC-446E-939E-883906B8FF80}.Release|x64.ActiveCfg = Release|Any CPU
		{8A768FE0-7ECC-446E-939E-883906B8FF80}.Release|x64.Build.0 = Release|Any CPU
		{8A768FE0-7ECC-446E-939E-883906B8FF80}.Release|x86.ActiveCfg = Release|Any CPU
		{8A768FE0-7ECC-446E-939E-883906B8FF80}.Release|x86.Build.0 = Release|Any CPU
		{236F1819-315B-4A63-A861-50F9140580E0}.Debug|Any CPU.ActiveCfg = Debug|Any CPU
		{236F1819-315B-4A63-A861-50F9140580E0}.Debug|Any CPU.Build.0 = Debug|Any CPU
		{236F1819-315B-4A63-A861-50F9140580E0}.Debug|x64.ActiveCfg = Debug|Any CPU
		{236F1819-315B-4A63-A861-50F9140580E0}.Debug|x64.Build.0 = Debug|Any CPU
		{236F1819-315B-4A63-A861-50F9140580E0}.Debug|x86.ActiveCfg = Debug|Any CPU
		{236F1819-315B-4A63-A861-50F9140580E0}.Debug|x86.Build.0 = Debug|Any CPU
		{236F1819-315B-4A63-A861-50F9140580E0}.Release|Any CPU.ActiveCfg = Release|Any CPU
		{236F1819-315B-4A63-A861-50F9140580E0}.Release|Any CPU.Build.0 = Release|Any CPU
		{236F1819-315B-4A63-A861-50F9140580E0}.Release|x64.ActiveCfg = Release|Any CPU
		{236F1819-315B-4A63-A861-50F9140580E0}.Release|x64.Build.0 = Release|Any CPU
		{236F1819-315B-4A63-A861-50F9140580E0}.Release|x86.ActiveCfg = Release|Any CPU
		{236F1819-315B-4A63-A861-50F9140580E0}.Release|x86.Build.0 = Release|Any CPU
		{4782AD9B-A2F2-4242-A028-D9ECB9A534BB}.Debug|Any CPU.ActiveCfg = Debug|Any CPU
		{4782AD9B-A2F2-4242-A028-D9ECB9A534BB}.Debug|Any CPU.Build.0 = Debug|Any CPU
		{4782AD9B-A2F2-4242-A028-D9ECB9A534BB}.Debug|x64.ActiveCfg = Debug|Any CPU
		{4782AD9B-A2F2-4242-A028-D9ECB9A534BB}.Debug|x64.Build.0 = Debug|Any CPU
		{4782AD9B-A2F2-4242-A028-D9ECB9A534BB}.Debug|x86.ActiveCfg = Debug|Any CPU
		{4782AD9B-A2F2-4242-A028-D9ECB9A534BB}.Debug|x86.Build.0 = Debug|Any CPU
		{4782AD9B-A2F2-4242-A028-D9ECB9A534BB}.Release|Any CPU.ActiveCfg = Release|Any CPU
		{4782AD9B-A2F2-4242-A028-D9ECB9A534BB}.Release|Any CPU.Build.0 = Release|Any CPU
		{4782AD9B-A2F2-4242-A028-D9ECB9A534BB}.Release|x64.ActiveCfg = Release|Any CPU
		{4782AD9B-A2F2-4242-A028-D9ECB9A534BB}.Release|x64.Build.0 = Release|Any CPU
		{4782AD9B-A2F2-4242-A028-D9ECB9A534BB}.Release|x86.ActiveCfg = Release|Any CPU
		{4782AD9B-A2F2-4242-A028-D9ECB9A534BB}.Release|x86.Build.0 = Release|Any CPU
		{4E44EF08-77CE-4509-B42D-8F2644FCE7A9}.Debug|Any CPU.ActiveCfg = Debug|Any CPU
		{4E44EF08-77CE-4509-B42D-8F2644FCE7A9}.Debug|Any CPU.Build.0 = Debug|Any CPU
		{4E44EF08-77CE-4509-B42D-8F2644FCE7A9}.Debug|x64.ActiveCfg = Debug|Any CPU
		{4E44EF08-77CE-4509-B42D-8F2644FCE7A9}.Debug|x64.Build.0 = Debug|Any CPU
		{4E44EF08-77CE-4509-B42D-8F2644FCE7A9}.Debug|x86.ActiveCfg = Debug|Any CPU
		{4E44EF08-77CE-4509-B42D-8F2644FCE7A9}.Debug|x86.Build.0 = Debug|Any CPU
		{4E44EF08-77CE-4509-B42D-8F2644FCE7A9}.Release|Any CPU.ActiveCfg = Release|Any CPU
		{4E44EF08-77CE-4509-B42D-8F2644FCE7A9}.Release|Any CPU.Build.0 = Release|Any CPU
		{4E44EF08-77CE-4509-B42D-8F2644FCE7A9}.Release|x64.ActiveCfg = Release|Any CPU
		{4E44EF08-77CE-4509-B42D-8F2644FCE7A9}.Release|x64.Build.0 = Release|Any CPU
		{4E44EF08-77CE-4509-B42D-8F2644FCE7A9}.Release|x86.ActiveCfg = Release|Any CPU
		{4E44EF08-77CE-4509-B42D-8F2644FCE7A9}.Release|x86.Build.0 = Release|Any CPU
		{98694354-8FAB-46C5-8580-65AA8D2D6036}.Debug|Any CPU.ActiveCfg = Debug|Any CPU
		{98694354-8FAB-46C5-8580-65AA8D2D6036}.Debug|Any CPU.Build.0 = Debug|Any CPU
		{98694354-8FAB-46C5-8580-65AA8D2D6036}.Debug|x64.ActiveCfg = Debug|Any CPU
		{98694354-8FAB-46C5-8580-65AA8D2D6036}.Debug|x64.Build.0 = Debug|Any CPU
		{98694354-8FAB-46C5-8580-65AA8D2D6036}.Debug|x86.ActiveCfg = Debug|Any CPU
		{98694354-8FAB-46C5-8580-65AA8D2D6036}.Debug|x86.Build.0 = Debug|Any CPU
		{98694354-8FAB-46C5-8580-65AA8D2D6036}.Release|Any CPU.ActiveCfg = Release|Any CPU
		{98694354-8FAB-46C5-8580-65AA8D2D6036}.Release|Any CPU.Build.0 = Release|Any CPU
		{98694354-8FAB-46C5-8580-65AA8D2D6036}.Release|x64.ActiveCfg = Release|Any CPU
		{98694354-8FAB-46C5-8580-65AA8D2D6036}.Release|x64.Build.0 = Release|Any CPU
		{98694354-8FAB-46C5-8580-65AA8D2D6036}.Release|x86.ActiveCfg = Release|Any CPU
		{98694354-8FAB-46C5-8580-65AA8D2D6036}.Release|x86.Build.0 = Release|Any CPU
	EndGlobalSection
EndGlobal
